
Microsoft Visual Studio Solution File, Format Version 12.00
# Visual Studio Version 17
VisualStudioVersion = 17.0.32126.317
MinimumVisualStudioVersion = 10.0.40219.1
Project("{FAE04EC0-301F-11D3-BF4B-00C04F79EFBC}") = "PersonalTracking", "PersonalTracking.csproj", "{93C87D9E-4983-4D2C-8430-81635CE97FFB}"
EndProject
Project("{FAE04EC0-301F-11D3-BF4B-00C04F79EFBC}") = "BLL", "..\BLL\BLL.csproj", "{D929C962-A448-425F-B496-16CA40E77128}"
EndProject
Project("{FAE04EC0-301F-11D3-BF4B-00C04F79EFBC}") = "DAL", "..\DAL\DAL.csproj", "{57349EFE-7ABC-40E6-8E83-6337414CFDD8}"
EndProject
Global
	GlobalSection(SolutionConfigurationPlatforms) = preSolution
		Debug|Any CPU = Debug|Any CPU
		Release|Any CPU = Release|Any CPU
	EndGlobalSection
	GlobalSection(ProjectConfigurationPlatforms) = postSolution
		{93C87D9E-4983-4D2C-8430-81635CE97FFB}.Debug|Any CPU.ActiveCfg = Debug|Any CPU
		{93C87D9E-4983-4D2C-8430-81635CE97FFB}.Debug|Any CPU.Build.0 = Debug|Any CPU
		{93C87D9E-4983-4D2C-8430-81635CE97FFB}.Release|Any CPU.ActiveCfg = Release|Any CPU
		{93C87D9E-4983-4D2C-8430-81635CE97FFB}.Release|Any CPU.Build.0 = Release|Any CPU
		{D929C962-A448-425F-B496-16CA40E77128}.Debug|Any CPU.ActiveCfg = Debug|Any CPU
		{D929C962-A448-425F-B496-16CA40E77128}.Debug|Any CPU.Build.0 = Debug|Any CPU
		{D929C962-A448-425F-B496-16CA40E77128}.Release|Any CPU.ActiveCfg = Release|Any CPU
		{D929C962-A448-425F-B496-16CA40E77128}.Release|Any CPU.Build.0 = Release|Any CPU
		{57349EFE-7ABC-40E6-8E83-6337414CFDD8}.Debug|Any CPU.ActiveCfg = Debug|Any CPU
		{57349EFE-7ABC-40E6-8E83-6337414CFDD8}.Debug|Any CPU.Build.0 = Debug|Any CPU
		{57349EFE-7ABC-40E6-8E83-6337414CFDD8}.Release|Any CPU.ActiveCfg = Release|Any CPU
		{57349EFE-7ABC-40E6-8E83-6337414CFDD8}.Release|Any CPU.Build.0 = Release|Any CPU
	EndGlobalSection
	GlobalSection(SolutionProperties) = preSolution
		HideSolutionNode = FALSE
	EndGlobalSection
	GlobalSection(ExtensibilityGlobals) = postSolution
		SolutionGuid = {8EE1F9FE-4A74-4CE1-B817-6374A48E68A9}
	EndGlobalSection
EndGlobal
